
Microsoft Visual Studio Solution File, Format Version 12.00
# Visual Studio Version 17
VisualStudioVersion = 17.10.35027.167
MinimumVisualStudioVersion = 10.0.40219.1
Project("{FAE04EC0-301F-11D3-BF4B-00C04F79EFBC}") = "PetFolio.API", "PetFolio.API\PetFolio.API.csproj", "{75761F5C-3EE3-406C-B1F9-F7B10D6E347C}"
EndProject
Project("{FAE04EC0-301F-11D3-BF4B-00C04F79EFBC}") = "PetFolio.Aplication", "PetFolio.Aplication\PetFolio.Aplication.csproj", "{529C657D-2E42-46D0-BE51-875E1B54DB61}"
EndProject
Project("{FAE04EC0-301F-11D3-BF4B-00C04F79EFBC}") = "PetFolio.Comunication", "PetFolio.Comunication\PetFolio.Comunication.csproj", "{302F4C3C-222F-4EFE-B6ED-61569237156E}"
EndProject
Global
	GlobalSection(SolutionConfigurationPlatforms) = preSolution
		Debug|Any CPU = Debug|Any CPU
		Release|Any CPU = Release|Any CPU
	EndGlobalSection
	GlobalSection(ProjectConfigurationPlatforms) = postSolution
		{75761F5C-3EE3-406C-B1F9-F7B10D6E347C}.Debug|Any CPU.ActiveCfg = Debug|Any CPU
		{75761F5C-3EE3-406C-B1F9-F7B10D6E347C}.Debug|Any CPU.Build.0 = Debug|Any CPU
		{75761F5C-3EE3-406C-B1F9-F7B10D6E347C}.Release|Any CPU.ActiveCfg = Release|Any CPU
		{75761F5C-3EE3-406C-B1F9-F7B10D6E347C}.Release|Any CPU.Build.0 = Release|Any CPU
		{529C657D-2E42-46D0-BE51-875E1B54DB61}.Debug|Any CPU.ActiveCfg = Debug|Any CPU
		{529C657D-2E42-46D0-BE51-875E1B54DB61}.Debug|Any CPU.Build.0 = Debug|Any CPU
		{529C657D-2E42-46D0-BE51-875E1B54DB61}.Release|Any CPU.ActiveCfg = Release|Any CPU
		{529C657D-2E42-46D0-BE51-875E1B54DB61}.Release|Any CPU.Build.0 = Release|Any CPU
		{302F4C3C-222F-4EFE-B6ED-61569237156E}.Debug|Any CPU.ActiveCfg = Debug|Any CPU
		{302F4C3C-222F-4EFE-B6ED-61569237156E}.Debug|Any CPU.Build.0 = Debug|Any CPU
		{302F4C3C-222F-4EFE-B6ED-61569237156E}.Release|Any CPU.ActiveCfg = Release|Any CPU
		{302F4C3C-222F-4EFE-B6ED-61569237156E}.Release|Any CPU.Build.0 = Release|Any CPU
	EndGlobalSection
	GlobalSection(SolutionProperties) = preSolution
		HideSolutionNode = FALSE
	EndGlobalSection
	GlobalSection(ExtensibilityGlobals) = postSolution
		SolutionGuid = {88C143DE-6499-43F3-A397-F5FA0992EFBD}
	EndGlobalSection
EndGlobal
